// !$*UTF8*$!
{
	archiveVersion = 1;
	classes = {
	};
	objectVersion = 46;
	objects = {

/* Begin PBXBuildFile section */
		75F64D8118D21F6900EF384A /* Foundation.framework in Frameworks */ = {isa = PBXBuildFile; fileRef = 75F64D8018D21F6900EF384A /* Foundation.framework */; };
		75F64D8718D21F6900EF384A /* InfoPlist.strings in Resources */ = {isa = PBXBuildFile; fileRef = 75F64D8518D21F6900EF384A /* InfoPlist.strings */; };
		75F64D8A18D21F6900EF384A /* main.m in Sources */ = {isa = PBXBuildFile; fileRef = 75F64D8918D21F6900EF384A /* main.m */; };
		75F64D9618D2240300EF384A /* Cocoa.framework in Frameworks */ = {isa = PBXBuildFile; fileRef = 75F64D9518D2240300EF384A /* Cocoa.framework */; };
		75F64DA018D2240300EF384A /* InfoPlist.strings in Resources */ = {isa = PBXBuildFile; fileRef = 75F64D9E18D2240300EF384A /* InfoPlist.strings */; };
		75F64DA218D2240300EF384A /* main.m in Sources */ = {isa = PBXBuildFile; fileRef = 75F64DA118D2240300EF384A /* main.m */; };
		75F64DA618D2240300EF384A /* Credits.rtf in Resources */ = {isa = PBXBuildFile; fileRef = 75F64DA418D2240300EF384A /* Credits.rtf */; };
		75F64DA918D2240300EF384A /* GITAppDelegate.m in Sources */ = {isa = PBXBuildFile; fileRef = 75F64DA818D2240300EF384A /* GITAppDelegate.m */; };
		75F64DAC18D2240400EF384A /* MainMenu.xib in Resources */ = {isa = PBXBuildFile; fileRef = 75F64DAA18D2240400EF384A /* MainMenu.xib */; };
		75F64DAE18D2240400EF384A /* Images.xcassets in Resources */ = {isa = PBXBuildFile; fileRef = 75F64DAD18D2240400EF384A /* Images.xcassets */; };
		75F64DCE18D3A8AC00EF384A /* com.chocolatapp.gitxpc.xpc in CopyFiles */ = {isa = PBXBuildFile; fileRef = 75F64D7D18D21F6900EF384A /* com.chocolatapp.gitxpc.xpc */; };
		75F64DD018D3AA9400EF384A /* libiconv.dylib in Frameworks */ = {isa = PBXBuildFile; fileRef = 75F64DCF18D3AA9400EF384A /* libiconv.dylib */; };
		75F64DD218D3AAA200EF384A /* libSystem.dylib in Frameworks */ = {isa = PBXBuildFile; fileRef = 75F64DD118D3AAA200EF384A /* libSystem.dylib */; };
		75F64DD418D3AAAB00EF384A /* libcrypto.dylib in Frameworks */ = {isa = PBXBuildFile; fileRef = 75F64DD318D3AAAB00EF384A /* libcrypto.dylib */; };
		75F64DD618D3AAB300EF384A /* libssl.dylib in Frameworks */ = {isa = PBXBuildFile; fileRef = 75F64DD518D3AAB300EF384A /* libssl.dylib */; };
		75F64DD818D3AABA00EF384A /* libz.dylib in Frameworks */ = {isa = PBXBuildFile; fileRef = 75F64DD718D3AABA00EF384A /* libz.dylib */; };
		8C25D48818FEDF5900387FE0 /* ObjectiveGit.framework in Frameworks */ = {isa = PBXBuildFile; fileRef = 8C759C7718FEDF0E00B79573 /* ObjectiveGit.framework */; };
		8C25D48918FEDF6100387FE0 /* ObjectiveGit.framework in Copy Frameworks */ = {isa = PBXBuildFile; fileRef = 8C759C7718FEDF0E00B79573 /* ObjectiveGit.framework */; };
		8C5027A118FEBFB3001F9395 /* handler.m in Sources */ = {isa = PBXBuildFile; fileRef = 8C5027A018FEBFB3001F9395 /* handler.m */; };
		8C5027A318FEBFEB001F9395 /* status.m in Sources */ = {isa = PBXBuildFile; fileRef = 8C5027A218FEBFEB001F9395 /* status.m */; };
		8CB463C218FEC48F005D5638 /* diff.m in Sources */ = {isa = PBXBuildFile; fileRef = 8CB463C118FEC48F005D5638 /* diff.m */; };
		980386DB18FDFCC6006000EF /* GTRepository+Chocolat.m in Sources */ = {isa = PBXBuildFile; fileRef = 980386DA18FDFCC6006000EF /* GTRepository+Chocolat.m */; };
		980386DE18FDFF47006000EF /* EXTScope.m in Sources */ = {isa = PBXBuildFile; fileRef = 980386DD18FDFF47006000EF /* EXTScope.m */; };
/* End PBXBuildFile section */

/* Begin PBXContainerItemProxy section */
		75F64DDB18D3AB7A00EF384A /* PBXContainerItemProxy */ = {
			isa = PBXContainerItemProxy;
			containerPortal = 75F64D7518D21F6900EF384A /* Project object */;
			proxyType = 1;
			remoteGlobalIDString = 75F64D7C18D21F6900EF384A;
			remoteInfo = gitxpc;
		};
		8C25D48418FEDF5100387FE0 /* PBXContainerItemProxy */ = {
			isa = PBXContainerItemProxy;
			containerPortal = 8C25D47518FEDF4F00387FE0 /* ObjectiveGitFramework.xcodeproj */;
			proxyType = 2;
			remoteGlobalIDString = 8DC2EF5B0486A6940098B216;
			remoteInfo = ObjectiveGit;
		};
		8C25D48618FEDF5100387FE0 /* PBXContainerItemProxy */ = {
			isa = PBXContainerItemProxy;
			containerPortal = 8C25D47518FEDF4F00387FE0 /* ObjectiveGitFramework.xcodeproj */;
			proxyType = 2;
			remoteGlobalIDString = 04DB4645133AB57600D9C624;
			remoteInfo = "ObjectiveGit-iOS";
		};
		8C759C7618FEDF0E00B79573 /* PBXContainerItemProxy */ = {
			isa = PBXContainerItemProxy;
			containerPortal = 8C759C6D18FEDF0D00B79573 /* ObjectiveGitFramework.xcodeproj */;
			proxyType = 2;
			remoteGlobalIDString = 8DC2EF5B0486A6940098B216;
			remoteInfo = ObjectiveGit;
		};
		8C759C7818FEDF0E00B79573 /* PBXContainerItemProxy */ = {
			isa = PBXContainerItemProxy;
			containerPortal = 8C759C6D18FEDF0D00B79573 /* ObjectiveGitFramework.xcodeproj */;
			proxyType = 2;
			remoteGlobalIDString = 04DB4645133AB57600D9C624;
			remoteInfo = "ObjectiveGit-iOS";
		};
/* End PBXContainerItemProxy section */

/* Begin PBXCopyFilesBuildPhase section */
		75F64DCD18D3A8A000EF384A /* CopyFiles */ = {
			isa = PBXCopyFilesBuildPhase;
			buildActionMask = 2147483647;
			dstPath = "$(CONTENTS_FOLDER_PATH)/XPCServices";
			dstSubfolderSpec = 16;
			files = (
				75F64DCE18D3A8AC00EF384A /* com.chocolatapp.gitxpc.xpc in CopyFiles */,
			);
			runOnlyForDeploymentPostprocessing = 0;
		};
		981161FE18FDC57D009FED45 /* Copy Frameworks */ = {
			isa = PBXCopyFilesBuildPhase;
			buildActionMask = 2147483647;
			dstPath = "";
			dstSubfolderSpec = 10;
			files = (
				8C25D48918FEDF6100387FE0 /* ObjectiveGit.framework in Copy Frameworks */,
			);
			name = "Copy Frameworks";
			runOnlyForDeploymentPostprocessing = 0;
		};
/* End PBXCopyFilesBuildPhase section */

/* Begin PBXFileReference section */
		75F64D7D18D21F6900EF384A /* com.chocolatapp.gitxpc.xpc */ = {isa = PBXFileReference; explicitFileType = wrapper.cfbundle; includeInIndex = 0; path = com.chocolatapp.gitxpc.xpc; sourceTree = BUILT_PRODUCTS_DIR; };
		75F64D8018D21F6900EF384A /* Foundation.framework */ = {isa = PBXFileReference; lastKnownFileType = wrapper.framework; name = Foundation.framework; path = System/Library/Frameworks/Foundation.framework; sourceTree = SDKROOT; };
		75F64D8418D21F6900EF384A /* gitxpc-Info.plist */ = {isa = PBXFileReference; lastKnownFileType = text.plist.xml; path = "gitxpc-Info.plist"; sourceTree = "<group>"; };
		75F64D8618D21F6900EF384A /* en */ = {isa = PBXFileReference; lastKnownFileType = text.plist.strings; name = en; path = en.lproj/InfoPlist.strings; sourceTree = "<group>"; };
		75F64D8818D21F6900EF384A /* gitxpc-Prefix.pch */ = {isa = PBXFileReference; lastKnownFileType = sourcecode.c.h; path = "gitxpc-Prefix.pch"; sourceTree = "<group>"; };
		75F64D8918D21F6900EF384A /* main.m */ = {isa = PBXFileReference; lastKnownFileType = sourcecode.c.objc; path = main.m; sourceTree = "<group>"; };
		75F64D9418D2240300EF384A /* GitXPCTester.app */ = {isa = PBXFileReference; explicitFileType = wrapper.application; includeInIndex = 0; path = GitXPCTester.app; sourceTree = BUILT_PRODUCTS_DIR; };
		75F64D9518D2240300EF384A /* Cocoa.framework */ = {isa = PBXFileReference; lastKnownFileType = wrapper.framework; name = Cocoa.framework; path = System/Library/Frameworks/Cocoa.framework; sourceTree = SDKROOT; };
		75F64D9818D2240300EF384A /* AppKit.framework */ = {isa = PBXFileReference; lastKnownFileType = wrapper.framework; name = AppKit.framework; path = System/Library/Frameworks/AppKit.framework; sourceTree = SDKROOT; };
		75F64D9918D2240300EF384A /* CoreData.framework */ = {isa = PBXFileReference; lastKnownFileType = wrapper.framework; name = CoreData.framework; path = System/Library/Frameworks/CoreData.framework; sourceTree = SDKROOT; };
		75F64D9A18D2240300EF384A /* Foundation.framework */ = {isa = PBXFileReference; lastKnownFileType = wrapper.framework; name = Foundation.framework; path = System/Library/Frameworks/Foundation.framework; sourceTree = SDKROOT; };
		75F64D9D18D2240300EF384A /* GitXPCTester-Info.plist */ = {isa = PBXFileReference; lastKnownFileType = text.plist.xml; path = "GitXPCTester-Info.plist"; sourceTree = "<group>"; };
		75F64D9F18D2240300EF384A /* en */ = {isa = PBXFileReference; lastKnownFileType = text.plist.strings; name = en; path = en.lproj/InfoPlist.strings; sourceTree = "<group>"; };
		75F64DA118D2240300EF384A /* main.m */ = {isa = PBXFileReference; lastKnownFileType = sourcecode.c.objc; path = main.m; sourceTree = "<group>"; };
		75F64DA318D2240300EF384A /* GitXPCTester-Prefix.pch */ = {isa = PBXFileReference; lastKnownFileType = sourcecode.c.h; path = "GitXPCTester-Prefix.pch"; sourceTree = "<group>"; };
		75F64DA518D2240300EF384A /* en */ = {isa = PBXFileReference; lastKnownFileType = text.rtf; name = en; path = en.lproj/Credits.rtf; sourceTree = "<group>"; };
		75F64DA718D2240300EF384A /* GITAppDelegate.h */ = {isa = PBXFileReference; lastKnownFileType = sourcecode.c.h; path = GITAppDelegate.h; sourceTree = "<group>"; };
		75F64DA818D2240300EF384A /* GITAppDelegate.m */ = {isa = PBXFileReference; lastKnownFileType = sourcecode.c.objc; path = GITAppDelegate.m; sourceTree = "<group>"; };
		75F64DAB18D2240400EF384A /* Base */ = {isa = PBXFileReference; lastKnownFileType = file.xib; name = Base; path = Base.lproj/MainMenu.xib; sourceTree = "<group>"; };
		75F64DAD18D2240400EF384A /* Images.xcassets */ = {isa = PBXFileReference; lastKnownFileType = folder.assetcatalog; path = Images.xcassets; sourceTree = "<group>"; };
		75F64DB418D2240400EF384A /* XCTest.framework */ = {isa = PBXFileReference; lastKnownFileType = wrapper.framework; name = XCTest.framework; path = Library/Frameworks/XCTest.framework; sourceTree = DEVELOPER_DIR; };
		75F64DCF18D3AA9400EF384A /* libiconv.dylib */ = {isa = PBXFileReference; lastKnownFileType = "compiled.mach-o.dylib"; name = libiconv.dylib; path = usr/lib/libiconv.dylib; sourceTree = SDKROOT; };
		75F64DD118D3AAA200EF384A /* libSystem.dylib */ = {isa = PBXFileReference; lastKnownFileType = "compiled.mach-o.dylib"; name = libSystem.dylib; path = usr/lib/libSystem.dylib; sourceTree = SDKROOT; };
		75F64DD318D3AAAB00EF384A /* libcrypto.dylib */ = {isa = PBXFileReference; lastKnownFileType = "compiled.mach-o.dylib"; name = libcrypto.dylib; path = usr/lib/libcrypto.dylib; sourceTree = SDKROOT; };
		75F64DD518D3AAB300EF384A /* libssl.dylib */ = {isa = PBXFileReference; lastKnownFileType = "compiled.mach-o.dylib"; name = libssl.dylib; path = usr/lib/libssl.dylib; sourceTree = SDKROOT; };
		75F64DD718D3AABA00EF384A /* libz.dylib */ = {isa = PBXFileReference; lastKnownFileType = "compiled.mach-o.dylib"; name = libz.dylib; path = usr/lib/libz.dylib; sourceTree = SDKROOT; };
		8C25D47518FEDF4F00387FE0 /* ObjectiveGitFramework.xcodeproj */ = {isa = PBXFileReference; lastKnownFileType = "wrapper.pb-project"; name = ObjectiveGitFramework.xcodeproj; path = External/ObjectiveGit/ObjectiveGitFramework.xcodeproj; sourceTree = "<group>"; };
		8C5027A018FEBFB3001F9395 /* handler.m */ = {isa = PBXFileReference; fileEncoding = 4; lastKnownFileType = sourcecode.c.objc; path = handler.m; sourceTree = "<group>"; };
		8C5027A218FEBFEB001F9395 /* status.m */ = {isa = PBXFileReference; fileEncoding = 4; lastKnownFileType = sourcecode.c.objc; path = status.m; sourceTree = "<group>"; };
		8C759C6D18FEDF0D00B79573 /* ObjectiveGitFramework.xcodeproj */ = {isa = PBXFileReference; lastKnownFileType = "wrapper.pb-project"; name = ObjectiveGitFramework.xcodeproj; path = External/ObjectiveGit/ObjectiveGitFramework.xcodeproj; sourceTree = "<group>"; };
		8CB463C118FEC48F005D5638 /* diff.m */ = {isa = PBXFileReference; fileEncoding = 4; lastKnownFileType = sourcecode.c.objc; path = diff.m; sourceTree = "<group>"; };
		980386D918FDFCC6006000EF /* GTRepository+Chocolat.h */ = {isa = PBXFileReference; fileEncoding = 4; lastKnownFileType = sourcecode.c.h; path = "GTRepository+Chocolat.h"; sourceTree = "<group>"; };
		980386DA18FDFCC6006000EF /* GTRepository+Chocolat.m */ = {isa = PBXFileReference; fileEncoding = 4; lastKnownFileType = sourcecode.c.objc; path = "GTRepository+Chocolat.m"; sourceTree = "<group>"; };
		980386DC18FDFF47006000EF /* EXTScope.h */ = {isa = PBXFileReference; fileEncoding = 4; lastKnownFileType = sourcecode.c.h; name = EXTScope.h; path = ../External/ObjectiveGit/External/libextobjc/extobjc/EXTScope.h; sourceTree = "<group>"; };
		980386DD18FDFF47006000EF /* EXTScope.m */ = {isa = PBXFileReference; fileEncoding = 4; lastKnownFileType = sourcecode.c.objc; name = EXTScope.m; path = ../External/ObjectiveGit/External/libextobjc/extobjc/EXTScope.m; sourceTree = "<group>"; };
		9836AD8C18FDD9B200CD2E57 /* ObjectiveGit.framework */ = {isa = PBXFileReference; lastKnownFileType = wrapper.framework; name = ObjectiveGit.framework; path = "../../Library/Developer/Xcode/DerivedData/gitxpc-gmfisgplohjhaqaksjpjhjvnezai/Build/Products/Debug/ObjectiveGit.framework"; sourceTree = "<group>"; };
/* End PBXFileReference section */

/* Begin PBXFrameworksBuildPhase section */
		75F64D7A18D21F6900EF384A /* Frameworks */ = {
			isa = PBXFrameworksBuildPhase;
			buildActionMask = 2147483647;
			files = (
				8C25D48818FEDF5900387FE0 /* ObjectiveGit.framework in Frameworks */,
				75F64DD818D3AABA00EF384A /* libz.dylib in Frameworks */,
				75F64DD618D3AAB300EF384A /* libssl.dylib in Frameworks */,
				75F64DD418D3AAAB00EF384A /* libcrypto.dylib in Frameworks */,
				75F64DD218D3AAA200EF384A /* libSystem.dylib in Frameworks */,
				75F64DD018D3AA9400EF384A /* libiconv.dylib in Frameworks */,
				75F64D8118D21F6900EF384A /* Foundation.framework in Frameworks */,
			);
			runOnlyForDeploymentPostprocessing = 0;
		};
		75F64D9118D2240300EF384A /* Frameworks */ = {
			isa = PBXFrameworksBuildPhase;
			buildActionMask = 2147483647;
			files = (
				75F64D9618D2240300EF384A /* Cocoa.framework in Frameworks */,
			);
			runOnlyForDeploymentPostprocessing = 0;
		};
/* End PBXFrameworksBuildPhase section */

/* Begin PBXGroup section */
		75F64D7418D21F6900EF384A = {
			isa = PBXGroup;
			children = (
				8C25D47518FEDF4F00387FE0 /* ObjectiveGitFramework.xcodeproj */,
				75F64D8218D21F6900EF384A /* gitxpc */,
				75F64D9B18D2240300EF384A /* GitXPCTester */,
				75F64D7F18D21F6900EF384A /* Frameworks */,
				75F64D7E18D21F6900EF384A /* Products */,
			);
			sourceTree = "<group>";
		};
		75F64D7E18D21F6900EF384A /* Products */ = {
			isa = PBXGroup;
			children = (
				75F64D7D18D21F6900EF384A /* com.chocolatapp.gitxpc.xpc */,
				75F64D9418D2240300EF384A /* GitXPCTester.app */,
			);
			name = Products;
			sourceTree = "<group>";
		};
		75F64D7F18D21F6900EF384A /* Frameworks */ = {
			isa = PBXGroup;
			children = (
				8C759C6D18FEDF0D00B79573 /* ObjectiveGitFramework.xcodeproj */,
				9836AD8C18FDD9B200CD2E57 /* ObjectiveGit.framework */,
				75F64DD718D3AABA00EF384A /* libz.dylib */,
				75F64DD518D3AAB300EF384A /* libssl.dylib */,
				75F64DD318D3AAAB00EF384A /* libcrypto.dylib */,
				75F64DD118D3AAA200EF384A /* libSystem.dylib */,
				75F64DCF18D3AA9400EF384A /* libiconv.dylib */,
				75F64D8018D21F6900EF384A /* Foundation.framework */,
				75F64D9518D2240300EF384A /* Cocoa.framework */,
				75F64DB418D2240400EF384A /* XCTest.framework */,
				75F64D9718D2240300EF384A /* Other Frameworks */,
			);
			name = Frameworks;
			sourceTree = "<group>";
		};
		75F64D8218D21F6900EF384A /* gitxpc */ = {
			isa = PBXGroup;
			children = (
				8CB463C118FEC48F005D5638 /* diff.m */,
				8C5027A218FEBFEB001F9395 /* status.m */,
				8C5027A018FEBFB3001F9395 /* handler.m */,
				75F64D8918D21F6900EF384A /* main.m */,
				75F64D8318D21F6900EF384A /* Supporting Files */,
			);
			path = gitxpc;
			sourceTree = "<group>";
		};
		75F64D8318D21F6900EF384A /* Supporting Files */ = {
			isa = PBXGroup;
			children = (
				980386D918FDFCC6006000EF /* GTRepository+Chocolat.h */,
				980386DA18FDFCC6006000EF /* GTRepository+Chocolat.m */,
				980386DC18FDFF47006000EF /* EXTScope.h */,
				980386DD18FDFF47006000EF /* EXTScope.m */,
				75F64D8418D21F6900EF384A /* gitxpc-Info.plist */,
				75F64D8518D21F6900EF384A /* InfoPlist.strings */,
				75F64D8818D21F6900EF384A /* gitxpc-Prefix.pch */,
			);
			name = "Supporting Files";
			sourceTree = "<group>";
		};
		75F64D9718D2240300EF384A /* Other Frameworks */ = {
			isa = PBXGroup;
			children = (
				75F64D9818D2240300EF384A /* AppKit.framework */,
				75F64D9918D2240300EF384A /* CoreData.framework */,
				75F64D9A18D2240300EF384A /* Foundation.framework */,
			);
			name = "Other Frameworks";
			sourceTree = "<group>";
		};
		75F64D9B18D2240300EF384A /* GitXPCTester */ = {
			isa = PBXGroup;
			children = (
				75F64DA718D2240300EF384A /* GITAppDelegate.h */,
				75F64DA818D2240300EF384A /* GITAppDelegate.m */,
				75F64DAA18D2240400EF384A /* MainMenu.xib */,
				75F64DAD18D2240400EF384A /* Images.xcassets */,
				75F64D9C18D2240300EF384A /* Supporting Files */,
			);
			path = GitXPCTester;
			sourceTree = "<group>";
		};
		75F64D9C18D2240300EF384A /* Supporting Files */ = {
			isa = PBXGroup;
			children = (
				75F64D9D18D2240300EF384A /* GitXPCTester-Info.plist */,
				75F64D9E18D2240300EF384A /* InfoPlist.strings */,
				75F64DA118D2240300EF384A /* main.m */,
				75F64DA318D2240300EF384A /* GitXPCTester-Prefix.pch */,
				75F64DA418D2240300EF384A /* Credits.rtf */,
			);
			name = "Supporting Files";
			sourceTree = "<group>";
		};
		8C25D47618FEDF4F00387FE0 /* Products */ = {
			isa = PBXGroup;
			children = (
				8C25D48518FEDF5100387FE0 /* ObjectiveGit.framework */,
				8C25D48718FEDF5100387FE0 /* libObjectiveGit-iOS.a */,
			);
			name = Products;
			sourceTree = "<group>";
		};
		8C759C6E18FEDF0D00B79573 /* Products */ = {
			isa = PBXGroup;
			children = (
				8C759C7718FEDF0E00B79573 /* ObjectiveGit.framework */,
				8C759C7918FEDF0E00B79573 /* libObjectiveGit-iOS.a */,
			);
			name = Products;
			sourceTree = "<group>";
		};
/* End PBXGroup section */

/* Begin PBXNativeTarget section */
		75F64D7C18D21F6900EF384A /* gitxpc */ = {
			isa = PBXNativeTarget;
			buildConfigurationList = 75F64D8D18D21F6900EF384A /* Build configuration list for PBXNativeTarget "gitxpc" */;
			buildPhases = (
				75F64D7918D21F6900EF384A /* Sources */,
				75F64D7A18D21F6900EF384A /* Frameworks */,
				981161FE18FDC57D009FED45 /* Copy Frameworks */,
				75F64D7B18D21F6900EF384A /* Resources */,
			);
			buildRules = (
			);
			dependencies = (
			);
			name = gitxpc;
			productName = gitxpc;
			productReference = 75F64D7D18D21F6900EF384A /* com.chocolatapp.gitxpc.xpc */;
			productType = "com.apple.product-type.bundle";
		};
		75F64D9318D2240300EF384A /* GitXPCTester */ = {
			isa = PBXNativeTarget;
			buildConfigurationList = 75F64DC518D2240400EF384A /* Build configuration list for PBXNativeTarget "GitXPCTester" */;
			buildPhases = (
				75F64D9018D2240300EF384A /* Sources */,
				75F64D9118D2240300EF384A /* Frameworks */,
				75F64D9218D2240300EF384A /* Resources */,
				75F64DCD18D3A8A000EF384A /* CopyFiles */,
			);
			buildRules = (
			);
			dependencies = (
				75F64DDC18D3AB7A00EF384A /* PBXTargetDependency */,
			);
			name = GitXPCTester;
			productName = GitXPCTester;
			productReference = 75F64D9418D2240300EF384A /* GitXPCTester.app */;
			productType = "com.apple.product-type.application";
		};
/* End PBXNativeTarget section */

/* Begin PBXProject section */
		75F64D7518D21F6900EF384A /* Project object */ = {
			isa = PBXProject;
			attributes = {
				LastUpgradeCheck = 0500;
				ORGANIZATIONNAME = Chocolat;
			};
			buildConfigurationList = 75F64D7818D21F6900EF384A /* Build configuration list for PBXProject "gitxpc" */;
			compatibilityVersion = "Xcode 3.2";
			developmentRegion = English;
			hasScannedForEncodings = 0;
			knownRegions = (
				en,
				Base,
			);
			mainGroup = 75F64D7418D21F6900EF384A;
			productRefGroup = 75F64D7E18D21F6900EF384A /* Products */;
			projectDirPath = "";
			projectReferences = (
				{
					ProductGroup = 8C759C6E18FEDF0D00B79573 /* Products */;
					ProjectRef = 8C759C6D18FEDF0D00B79573 /* ObjectiveGitFramework.xcodeproj */;
				},
				{
					ProductGroup = 8C25D47618FEDF4F00387FE0 /* Products */;
					ProjectRef = 8C25D47518FEDF4F00387FE0 /* ObjectiveGitFramework.xcodeproj */;
				},
			);
			projectRoot = "";
			targets = (
				75F64D7C18D21F6900EF384A /* gitxpc */,
				75F64D9318D2240300EF384A /* GitXPCTester */,
			);
		};
/* End PBXProject section */

/* Begin PBXReferenceProxy section */
		8C25D48518FEDF5100387FE0 /* ObjectiveGit.framework */ = {
			isa = PBXReferenceProxy;
			fileType = wrapper.framework;
			path = ObjectiveGit.framework;
			remoteRef = 8C25D48418FEDF5100387FE0 /* PBXContainerItemProxy */;
			sourceTree = BUILT_PRODUCTS_DIR;
		};
		8C25D48718FEDF5100387FE0 /* libObjectiveGit-iOS.a */ = {
			isa = PBXReferenceProxy;
			fileType = archive.ar;
			path = "libObjectiveGit-iOS.a";
			remoteRef = 8C25D48618FEDF5100387FE0 /* PBXContainerItemProxy */;
			sourceTree = BUILT_PRODUCTS_DIR;
		};
		8C759C7718FEDF0E00B79573 /* ObjectiveGit.framework */ = {
			isa = PBXReferenceProxy;
			fileType = wrapper.framework;
			path = ObjectiveGit.framework;
			remoteRef = 8C759C7618FEDF0E00B79573 /* PBXContainerItemProxy */;
			sourceTree = BUILT_PRODUCTS_DIR;
		};
		8C759C7918FEDF0E00B79573 /* libObjectiveGit-iOS.a */ = {
			isa = PBXReferenceProxy;
			fileType = archive.ar;
			path = "libObjectiveGit-iOS.a";
			remoteRef = 8C759C7818FEDF0E00B79573 /* PBXContainerItemProxy */;
			sourceTree = BUILT_PRODUCTS_DIR;
		};
/* End PBXReferenceProxy section */

/* Begin PBXResourcesBuildPhase section */
		75F64D7B18D21F6900EF384A /* Resources */ = {
			isa = PBXResourcesBuildPhase;
			buildActionMask = 2147483647;
			files = (
				75F64D8718D21F6900EF384A /* InfoPlist.strings in Resources */,
			);
			runOnlyForDeploymentPostprocessing = 0;
		};
		75F64D9218D2240300EF384A /* Resources */ = {
			isa = PBXResourcesBuildPhase;
			buildActionMask = 2147483647;
			files = (
				75F64DA018D2240300EF384A /* InfoPlist.strings in Resources */,
				75F64DAE18D2240400EF384A /* Images.xcassets in Resources */,
				75F64DA618D2240300EF384A /* Credits.rtf in Resources */,
				75F64DAC18D2240400EF384A /* MainMenu.xib in Resources */,
			);
			runOnlyForDeploymentPostprocessing = 0;
		};
/* End PBXResourcesBuildPhase section */

/* Begin PBXSourcesBuildPhase section */
		75F64D7918D21F6900EF384A /* Sources */ = {
			isa = PBXSourcesBuildPhase;
			buildActionMask = 2147483647;
			files = (
				980386DE18FDFF47006000EF /* EXTScope.m in Sources */,
				75F64D8A18D21F6900EF384A /* main.m in Sources */,
				8C5027A318FEBFEB001F9395 /* status.m in Sources */,
				8C5027A118FEBFB3001F9395 /* handler.m in Sources */,
				8CB463C218FEC48F005D5638 /* diff.m in Sources */,
				980386DB18FDFCC6006000EF /* GTRepository+Chocolat.m in Sources */,
			);
			runOnlyForDeploymentPostprocessing = 0;
		};
		75F64D9018D2240300EF384A /* Sources */ = {
			isa = PBXSourcesBuildPhase;
			buildActionMask = 2147483647;
			files = (
				75F64DA218D2240300EF384A /* main.m in Sources */,
				75F64DA918D2240300EF384A /* GITAppDelegate.m in Sources */,
			);
			runOnlyForDeploymentPostprocessing = 0;
		};
/* End PBXSourcesBuildPhase section */

/* Begin PBXTargetDependency section */
		75F64DDC18D3AB7A00EF384A /* PBXTargetDependency */ = {
			isa = PBXTargetDependency;
			target = 75F64D7C18D21F6900EF384A /* gitxpc */;
			targetProxy = 75F64DDB18D3AB7A00EF384A /* PBXContainerItemProxy */;
		};
/* End PBXTargetDependency section */

/* Begin PBXVariantGroup section */
		75F64D8518D21F6900EF384A /* InfoPlist.strings */ = {
			isa = PBXVariantGroup;
			children = (
				75F64D8618D21F6900EF384A /* en */,
			);
			name = InfoPlist.strings;
			sourceTree = "<group>";
		};
		75F64D9E18D2240300EF384A /* InfoPlist.strings */ = {
			isa = PBXVariantGroup;
			children = (
				75F64D9F18D2240300EF384A /* en */,
			);
			name = InfoPlist.strings;
			sourceTree = "<group>";
		};
		75F64DA418D2240300EF384A /* Credits.rtf */ = {
			isa = PBXVariantGroup;
			children = (
				75F64DA518D2240300EF384A /* en */,
			);
			name = Credits.rtf;
			sourceTree = "<group>";
		};
		75F64DAA18D2240400EF384A /* MainMenu.xib */ = {
			isa = PBXVariantGroup;
			children = (
				75F64DAB18D2240400EF384A /* Base */,
			);
			name = MainMenu.xib;
			sourceTree = "<group>";
		};
/* End PBXVariantGroup section */

/* Begin XCBuildConfiguration section */
		75F64D8B18D21F6900EF384A /* Debug */ = {
			isa = XCBuildConfiguration;
			buildSettings = {
				ALWAYS_SEARCH_USER_PATHS = NO;
				CLANG_CXX_LANGUAGE_STANDARD = "gnu++0x";
				CLANG_CXX_LIBRARY = "libc++";
				CLANG_ENABLE_OBJC_ARC = YES;
				CLANG_WARN_BOOL_CONVERSION = YES;
				CLANG_WARN_CONSTANT_CONVERSION = YES;
				CLANG_WARN_DIRECT_OBJC_ISA_USAGE = YES_ERROR;
				CLANG_WARN_EMPTY_BODY = YES;
				CLANG_WARN_ENUM_CONVERSION = YES;
				CLANG_WARN_INT_CONVERSION = YES;
				CLANG_WARN_OBJC_ROOT_CLASS = YES_ERROR;
				CLANG_WARN__DUPLICATE_METHOD_MATCH = YES;
				COPY_PHASE_STRIP = NO;
				GCC_C_LANGUAGE_STANDARD = gnu99;
				GCC_DYNAMIC_NO_PIC = NO;
				GCC_ENABLE_OBJC_EXCEPTIONS = YES;
				GCC_OPTIMIZATION_LEVEL = 0;
				GCC_PREPROCESSOR_DEFINITIONS = (
					"DEBUG=1",
					"$(inherited)",
				);
				GCC_SYMBOLS_PRIVATE_EXTERN = NO;
				GCC_WARN_64_TO_32_BIT_CONVERSION = YES;
				GCC_WARN_ABOUT_RETURN_TYPE = YES_ERROR;
				GCC_WARN_UNDECLARED_SELECTOR = YES;
				GCC_WARN_UNINITIALIZED_AUTOS = YES;
				GCC_WARN_UNUSED_FUNCTION = YES;
				GCC_WARN_UNUSED_VARIABLE = YES;
				MACOSX_DEPLOYMENT_TARGET = 10.9;
				ONLY_ACTIVE_ARCH = YES;
				SDKROOT = macosx;
			};
			name = Debug;
		};
		75F64D8C18D21F6900EF384A /* Release */ = {
			isa = XCBuildConfiguration;
			buildSettings = {
				ALWAYS_SEARCH_USER_PATHS = NO;
				CLANG_CXX_LANGUAGE_STANDARD = "gnu++0x";
				CLANG_CXX_LIBRARY = "libc++";
				CLANG_ENABLE_OBJC_ARC = YES;
				CLANG_WARN_BOOL_CONVERSION = YES;
				CLANG_WARN_CONSTANT_CONVERSION = YES;
				CLANG_WARN_DIRECT_OBJC_ISA_USAGE = YES_ERROR;
				CLANG_WARN_EMPTY_BODY = YES;
				CLANG_WARN_ENUM_CONVERSION = YES;
				CLANG_WARN_INT_CONVERSION = YES;
				CLANG_WARN_OBJC_ROOT_CLASS = YES_ERROR;
				CLANG_WARN__DUPLICATE_METHOD_MATCH = YES;
				COPY_PHASE_STRIP = YES;
				DEBUG_INFORMATION_FORMAT = "dwarf-with-dsym";
				ENABLE_NS_ASSERTIONS = NO;
				GCC_C_LANGUAGE_STANDARD = gnu99;
				GCC_ENABLE_OBJC_EXCEPTIONS = YES;
				GCC_WARN_64_TO_32_BIT_CONVERSION = YES;
				GCC_WARN_ABOUT_RETURN_TYPE = YES_ERROR;
				GCC_WARN_UNDECLARED_SELECTOR = YES;
				GCC_WARN_UNINITIALIZED_AUTOS = YES;
				GCC_WARN_UNUSED_FUNCTION = YES;
				GCC_WARN_UNUSED_VARIABLE = YES;
				MACOSX_DEPLOYMENT_TARGET = 10.9;
				SDKROOT = macosx;
			};
			name = Release;
		};
		75F64D8E18D21F6900EF384A /* Debug */ = {
			isa = XCBuildConfiguration;
			buildSettings = {
				COMBINE_HIDPI_IMAGES = YES;
				FRAMEWORK_SEARCH_PATHS = (
					"$(inherited)",
					"$(PROJECT_DIR)/External/ObjectiveGit/build/Debug",
					"$(USER_LIBRARY_DIR)/Developer/Xcode/DerivedData/gitxpc-dnuloesvqjmeubdxnrogqmpoeyxk/Build/Products/Debug",
					"$(USER_LIBRARY_DIR)/Developer/Xcode/DerivedData/gitxpc-gmfisgplohjhaqaksjpjhjvnezai/Build/Products/Debug",
				);
				GCC_PRECOMPILE_PREFIX_HEADER = YES;
				GCC_PREFIX_HEADER = "gitxpc/gitxpc-Prefix.pch";
				INFOPLIST_FILE = "gitxpc/gitxpc-Info.plist";
				LD_RUNPATH_SEARCH_PATHS = "@loader_path/../Frameworks";
				LIBRARY_SEARCH_PATHS = "$(inherited)";
				MACH_O_TYPE = mh_execute;
				PRODUCT_NAME = "com.chocolatapp.$(TARGET_NAME:rfc1034identifier)";
				USER_HEADER_SEARCH_PATHS = "\"$(SRCROOT)/External/ObjectiveGit/External/libgit2/include\"";
				WRAPPER_EXTENSION = xpc;
			};
			name = Debug;
		};
		75F64D8F18D21F6900EF384A /* Release */ = {
			isa = XCBuildConfiguration;
			buildSettings = {
				COMBINE_HIDPI_IMAGES = YES;
				FRAMEWORK_SEARCH_PATHS = (
					"$(inherited)",
					"$(PROJECT_DIR)/External/ObjectiveGit/build/Debug",
					"$(USER_LIBRARY_DIR)/Developer/Xcode/DerivedData/gitxpc-dnuloesvqjmeubdxnrogqmpoeyxk/Build/Products/Debug",
					"$(USER_LIBRARY_DIR)/Developer/Xcode/DerivedData/gitxpc-gmfisgplohjhaqaksjpjhjvnezai/Build/Products/Debug",
				);
				GCC_PRECOMPILE_PREFIX_HEADER = YES;
				GCC_PREFIX_HEADER = "gitxpc/gitxpc-Prefix.pch";
				INFOPLIST_FILE = "gitxpc/gitxpc-Info.plist";
				LD_RUNPATH_SEARCH_PATHS = "@loader_path/../Frameworks";
				LIBRARY_SEARCH_PATHS = "$(inherited)";
				MACH_O_TYPE = mh_execute;
				PRODUCT_NAME = "com.chocolatapp.$(TARGET_NAME:rfc1034identifier)";
				USER_HEADER_SEARCH_PATHS = "\"$(SRCROOT)/External/ObjectiveGit/External/libgit2/include\"";
				WRAPPER_EXTENSION = xpc;
			};
			name = Release;
		};
		75F64DC118D2240400EF384A /* Debug */ = {
			isa = XCBuildConfiguration;
			buildSettings = {
				ASSETCATALOG_COMPILER_APPICON_NAME = AppIcon;
				COMBINE_HIDPI_IMAGES = YES;
				GCC_PRECOMPILE_PREFIX_HEADER = YES;
				GCC_PREFIX_HEADER = "GitXPCTester/GitXPCTester-Prefix.pch";
				GCC_PREPROCESSOR_DEFINITIONS = (
					"DEBUG=1",
					"$(inherited)",
				);
				INFOPLIST_FILE = "GitXPCTester/GitXPCTester-Info.plist";
				PRODUCT_NAME = "$(TARGET_NAME)";
				WRAPPER_EXTENSION = app;
			};
			name = Debug;
		};
		75F64DC218D2240400EF384A /* Release */ = {
			isa = XCBuildConfiguration;
			buildSettings = {
				ASSETCATALOG_COMPILER_APPICON_NAME = AppIcon;
				COMBINE_HIDPI_IMAGES = YES;
				GCC_PRECOMPILE_PREFIX_HEADER = YES;
				GCC_PREFIX_HEADER = "GitXPCTester/GitXPCTester-Prefix.pch";
				INFOPLIST_FILE = "GitXPCTester/GitXPCTester-Info.plist";
				PRODUCT_NAME = "$(TARGET_NAME)";
				WRAPPER_EXTENSION = app;
			};
			name = Release;
		};
/* End XCBuildConfiguration section */

/* Begin XCConfigurationList section */
		75F64D7818D21F6900EF384A /* Build configuration list for PBXProject "gitxpc" */ = {
			isa = XCConfigurationList;
			buildConfigurations = (
				75F64D8B18D21F6900EF384A /* Debug */,
				75F64D8C18D21F6900EF384A /* Release */,
			);
			defaultConfigurationIsVisible = 0;
			defaultConfigurationName = Release;
		};
		75F64D8D18D21F6900EF384A /* Build configuration list for PBXNativeTarget "gitxpc" */ = {
			isa = XCConfigurationList;
			buildConfigurations = (
				75F64D8E18D21F6900EF384A /* Debug */,
				75F64D8F18D21F6900EF384A /* Release */,
			);
			defaultConfigurationIsVisible = 0;
			defaultConfigurationName = Release;
		};
		75F64DC518D2240400EF384A /* Build configuration list for PBXNativeTarget "GitXPCTester" */ = {
			isa = XCConfigurationList;
			buildConfigurations = (
				75F64DC118D2240400EF384A /* Debug */,
				75F64DC218D2240400EF384A /* Release */,
			);
			defaultConfigurationIsVisible = 0;
			defaultConfigurationName = Release;
		};
/* End XCConfigurationList section */
	};
	rootObject = 75F64D7518D21F6900EF384A /* Project object */;
}
